
Microsoft Visual Studio Solution File, Format Version 12.00
# Visual Studio Version 16
VisualStudioVersion = 16.0.30523.141
MinimumVisualStudioVersion = 10.0.40219.1
Project("{8BC9CEB8-8B4A-11D0-8D11-00A0C91BC942}") = "MT_RGR", "MT_RGR\MT_RGR.vcxproj", "{7C15F7D6-D7D6-4FC6-989B-5AEF6ECDEB45}"
EndProject
Global
	GlobalSection(SolutionConfigurationPlatforms) = preSolution
		Debug|x64 = Debug|x64
		Debug|x86 = Debug|x86
		Release|x64 = Release|x64
		Release|x86 = Release|x86
	EndGlobalSection
	GlobalSection(ProjectConfigurationPlatforms) = postSolution
		{7C15F7D6-D7D6-4FC6-989B-5AEF6ECDEB45}.Debug|x64.ActiveCfg = Debug|x64
		{7C15F7D6-D7D6-4FC6-989B-5AEF6ECDEB45}.Debug|x64.Build.0 = Debug|x64
		{7C15F7D6-D7D6-4FC6-989B-5AEF6ECDEB45}.Debug|x86.ActiveCfg = Debug|Win32
		{7C15F7D6-D7D6-4FC6-989B-5AEF6ECDEB45}.Debug|x86.Build.0 = Debug|Win32
		{7C15F7D6-D7D6-4FC6-989B-5AEF6ECDEB45}.Release|x64.ActiveCfg = Release|x64
		{7C15F7D6-D7D6-4FC6-989B-5AEF6ECDEB45}.Release|x64.Build.0 = Release|x64
		{7C15F7D6-D7D6-4FC6-989B-5AEF6ECDEB45}.Release|x86.ActiveCfg = Release|Win32
		{7C15F7D6-D7D6-4FC6-989B-5AEF6ECDEB45}.Release|x86.Build.0 = Release|Win32
	EndGlobalSection
	GlobalSection(SolutionProperties) = preSolution
		HideSolutionNode = FALSE
	EndGlobalSection
	GlobalSection(ExtensibilityGlobals) = postSolution
		SolutionGuid = {DC4416AC-4D12-47F7-BD69-744147734FCF}
	EndGlobalSection
EndGlobal
